
Microsoft Visual Studio Solution File, Format Version 12.00
# Visual Studio Version 17
VisualStudioVersion = 17.0.31912.275
MinimumVisualStudioVersion = 10.0.40219.1
Project("{FAE04EC0-301F-11D3-BF4B-00C04F79EFBC}") = "SideBar Nav", "SideBar Nav\SideBar Nav.csproj", "{CF7CEBCD-B228-4DC0-B420-B1ECC0BEB423}"
EndProject
Global
	GlobalSection(SolutionConfigurationPlatforms) = preSolution
		Debug|Any CPU = Debug|Any CPU
		Release|Any CPU = Release|Any CPU
	EndGlobalSection
	GlobalSection(ProjectConfigurationPlatforms) = postSolution
		{CF7CEBCD-B228-4DC0-B420-B1ECC0BEB423}.Debug|Any CPU.ActiveCfg = Debug|Any CPU
		{CF7CEBCD-B228-4DC0-B420-B1ECC0BEB423}.Debug|Any CPU.Build.0 = Debug|Any CPU
		{CF7CEBCD-B228-4DC0-B420-B1ECC0BEB423}.Release|Any CPU.ActiveCfg = Release|Any CPU
		{CF7CEBCD-B228-4DC0-B420-B1ECC0BEB423}.Release|Any CPU.Build.0 = Release|Any CPU
	EndGlobalSection
	GlobalSection(SolutionProperties) = preSolution
		HideSolutionNode = FALSE
	EndGlobalSection
	GlobalSection(ExtensibilityGlobals) = postSolution
		SolutionGuid = {055E6D66-9D7E-4B74-8138-9A42AF8B7CFA}
	EndGlobalSection
EndGlobal
